[[package]]
name = "fastmcp"
version = "2.14.1"
source = { registry = "https://pypi.org/simple" }
dependencies = [
    { name = "authlib" },
    { name = "cyclopts" },
    { name = "exceptiongroup" },
    { name = "httpx" },
    { name = "jsonschema-path" },
    { name = "mcp" },
    { name = "openapi-pydantic" },
    { name = "platformdirs" },
    { name = "py-key-value-aio", extra = ["disk", "keyring", "memory"] },
    { name = "pydantic", extra = ["email"] },
    { name = "pydocket" },
    { name = "pyperclip" },
    { name = "python-dotenv" },
    { name = "rich" },
    { name = "uvicorn" },
    { name = "websockets" },
]
sdist = { url = "https://files.pythonhosted.org/packages/9e/50/d38e4371bdc34e709f4731b1e882cb7bc50e51c1a224859d4cd381b3a79b/fastmcp-2.14.1.tar.gz%22, hash = "sha256:132725cbf77b68fa3c3d165eff0cfa47e40c1479457419e6a2cfda65bd84c8d6", size = 8263331 }
wheels = [
    { url = "https://files.pythonhosted.org/packages/1d/82/72401d09dc27c27fdf72ad6c2fe331e553e3c3646e01b5ff16473191033d/fastmcp-2.14.1-py3-none-any.whl%22, hash = "sha256:fb3e365cc1d52573ab89caeba9944dd4b056149097be169bce428e011f0a57e5", size = 412176 },
]
 